// !$*UTF8*$!
{
	archiveVersion = 1;
	classes = {
	};
	objectVersion = 48;
	objects = {

/* Begin PBXBuildFile section */
		2F1312052081AF2600D462F8 /* BAHomeViewController.swift in Sources */ = {isa = PBXBuildFile; fileRef = 2F1312042081AF2600D462F8 /* BAHomeViewController.swift */; };
		2F1312072081B0EA00D462F8 /* UIColor+HexRGB.swift in Sources */ = {isa = PBXBuildFile; fileRef = 2F1312062081B0EA00D462F8 /* UIColor+HexRGB.swift */; };
		2F1312092081B36700D462F8 /* SnapKit.framework in Frameworks */ = {isa = PBXBuildFile; fileRef = 2F1312082081B36700D462F8 /* SnapKit.framework */; };
		2F13120A2081B36700D462F8 /* SnapKit.framework in Embed Frameworks */ = {isa = PBXBuildFile; fileRef = 2F1312082081B36700D462F8 /* SnapKit.framework */; settings = {ATTRIBUTES = (CodeSignOnCopy, RemoveHeadersOnCopy, ); }; };
		2F4BBB2320522A3700AAFE1A /* AppDelegate.swift in Sources */ = {isa = PBXBuildFile; fileRef = 2F4BBB2220522A3700AAFE1A /* AppDelegate.swift */; };
		2F4BBB2A20522A3700AAFE1A /* Assets.xcassets in Resources */ = {isa = PBXBuildFile; fileRef = 2F4BBB2920522A3700AAFE1A /* Assets.xcassets */; };
		2F4BBB2D20522A3700AAFE1A /* LaunchScreen.storyboard in Resources */ = {isa = PBXBuildFile; fileRef = 2F4BBB2B20522A3700AAFE1A /* LaunchScreen.storyboard */; };
		2F4BBB3820522A3700AAFE1A /* BumpTests.swift in Sources */ = {isa = PBXBuildFile; fileRef = 2F4BBB3720522A3700AAFE1A /* BumpTests.swift */; };
		2F4BBB4320522A3700AAFE1A /* BumpUITests.swift in Sources */ = {isa = PBXBuildFile; fileRef = 2F4BBB4220522A3700AAFE1A /* BumpUITests.swift */; };
		2F4BBB5920522AA000AAFE1A /* FontAwesome.otf in Resources */ = {isa = PBXBuildFile; fileRef = 2F4BBB5220522AA000AAFE1A /* FontAwesome.otf */; };
		2F4BBB6420522B3100AAFE1A /* UIFont+CustomFonts.swift in Sources */ = {isa = PBXBuildFile; fileRef = 2F4BBB6320522B3100AAFE1A /* UIFont+CustomFonts.swift */; };
		2F6E51B12082AD9E00E8D8CA /* BABumpManager.swift in Sources */ = {isa = PBXBuildFile; fileRef = 2F6E51B02082AD9E00E8D8CA /* BABumpManager.swift */; };
		2F6E51B42082AF8800E8D8CA /* BAAppConstants.swift in Sources */ = {isa = PBXBuildFile; fileRef = 2F6E51B32082AF8800E8D8CA /* BAAppConstants.swift */; };
		2F6E51B72082B10C00E8D8CA /* BAUser.swift in Sources */ = {isa = PBXBuildFile; fileRef = 2F6E51B62082B10C00E8D8CA /* BAUser.swift */; };
		2F6E51BD2082B5C500E8D8CA /* Alamofire.framework in Frameworks */ = {isa = PBXBuildFile; fileRef = 2F6E51B82082B5C400E8D8CA /* Alamofire.framework */; };
		2F6E51BE2082B5C500E8D8CA /* Alamofire.framework in Embed Frameworks */ = {isa = PBXBuildFile; fileRef = 2F6E51B82082B5C400E8D8CA /* Alamofire.framework */; settings = {ATTRIBUTES = (CodeSignOnCopy, RemoveHeadersOnCopy, ); }; };
		2F6E51BF2082B5C500E8D8CA /* Gloss.framework in Frameworks */ = {isa = PBXBuildFile; fileRef = 2F6E51B92082B5C400E8D8CA /* Gloss.framework */; };
		2F6E51C02082B5C500E8D8CA /* Gloss.framework in Embed Frameworks */ = {isa = PBXBuildFile; fileRef = 2F6E51B92082B5C400E8D8CA /* Gloss.framework */; settings = {ATTRIBUTES = (CodeSignOnCopy, RemoveHeadersOnCopy, ); }; };
		2F6E51C12082B5C500E8D8CA /* SocketIO.framework in Frameworks */ = {isa = PBXBuildFile; fileRef = 2F6E51BA2082B5C400E8D8CA /* SocketIO.framework */; };
		2F6E51C22082B5C500E8D8CA /* SocketIO.framework in Embed Frameworks */ = {isa = PBXBuildFile; fileRef = 2F6E51BA2082B5C400E8D8CA /* SocketIO.framework */; settings = {ATTRIBUTES = (CodeSignOnCopy, RemoveHeadersOnCopy, ); }; };
		2F6E51C32082B5C500E8D8CA /* SDWebImage.framework in Frameworks */ = {isa = PBXBuildFile; fileRef = 2F6E51BB2082B5C500E8D8CA /* SDWebImage.framework */; };
		2F6E51C42082B5C500E8D8CA /* SDWebImage.framework in Embed Frameworks */ = {isa = PBXBuildFile; fileRef = 2F6E51BB2082B5C500E8D8CA /* SDWebImage.framework */; settings = {ATTRIBUTES = (CodeSignOnCopy, RemoveHeadersOnCopy, ); }; };
		2F6E51C52082B5C500E8D8CA /* Starscream.framework in Frameworks */ = {isa = PBXBuildFile; fileRef = 2F6E51BC2082B5C500E8D8CA /* Starscream.framework */; };
		2F6E51C62082B5C500E8D8CA /* Starscream.framework in Embed Frameworks */ = {isa = PBXBuildFile; fileRef = 2F6E51BC2082B5C500E8D8CA /* Starscream.framework */; settings = {ATTRIBUTES = (CodeSignOnCopy, RemoveHeadersOnCopy, ); }; };
		2F6E51C92082B86E00E8D8CA /* BANetworkHandler.swift in Sources */ = {isa = PBXBuildFile; fileRef = 2F6E51C82082B86E00E8D8CA /* BANetworkHandler.swift */; };
		2F6E51CB2082B8D000E8D8CA /* BAURLRouter.swift in Sources */ = {isa = PBXBuildFile; fileRef = 2F6E51CA2082B8D000E8D8CA /* BAURLRouter.swift */; };
		2F6E51CD2082B9CD00E8D8CA /* BAAppManager.swift in Sources */ = {isa = PBXBuildFile; fileRef = 2F6E51CC2082B9CD00E8D8CA /* BAAppManager.swift */; };
		2F6E51D02082BBF700E8D8CA /* BANetworkHandler+Authentication.swift in Sources */ = {isa = PBXBuildFile; fileRef = 2F6E51CF2082BBF700E8D8CA /* BANetworkHandler+Authentication.swift */; };
		2F6E51D32082BD5800E8D8CA /* BANetworkHandler+User.swift in Sources */ = {isa = PBXBuildFile; fileRef = 2F6E51D22082BD5800E8D8CA /* BANetworkHandler+User.swift */; };
		2F6E51D62082BE4000E8D8CA /* BAAuthenticationManager.swift in Sources */ = {isa = PBXBuildFile; fileRef = 2F6E51D52082BE4000E8D8CA /* BAAuthenticationManager.swift */; };
		2F6E51D82082BF9B00E8D8CA /* KeychainSwift.framework in Frameworks */ = {isa = PBXBuildFile; fileRef = 2F6E51D72082BF9B00E8D8CA /* KeychainSwift.framework */; };
		2F6E51D92082BF9B00E8D8CA /* KeychainSwift.framework in Embed Frameworks */ = {isa = PBXBuildFile; fileRef = 2F6E51D72082BF9B00E8D8CA /* KeychainSwift.framework */; settings = {ATTRIBUTES = (CodeSignOnCopy, RemoveHeadersOnCopy, ); }; };
		2F6E51DC2082C2C000E8D8CA /* BAError.swift in Sources */ = {isa = PBXBuildFile; fileRef = 2F6E51DB2082C2C000E8D8CA /* BAError.swift */; };
		2F6E51DE2082CB5000E8D8CA /* BAUserHolder.swift in Sources */ = {isa = PBXBuildFile; fileRef = 2F6E51DD2082CB5000E8D8CA /* BAUserHolder.swift */; };
		2F6E51E12082FF3000E8D8CA /* BALocationManager.swift in Sources */ = {isa = PBXBuildFile; fileRef = 2F6E51E02082FF3000E8D8CA /* BALocationManager.swift */; };
		2F6E51E7208308E000E8D8CA /* AvenirNextLTPro-It.otf in Resources */ = {isa = PBXBuildFile; fileRef = 2F6E51E2208308E000E8D8CA /* AvenirNextLTPro-It.otf */; };
		2F6E51E8208308E000E8D8CA /* AvenirNextLTPro-Regular.otf in Resources */ = {isa = PBXBuildFile; fileRef = 2F6E51E3208308E000E8D8CA /* AvenirNextLTPro-Regular.otf */; };
		2F6E51E9208308E000E8D8CA /* AvenirNextLTPro-Medium.otf in Resources */ = {isa = PBXBuildFile; fileRef = 2F6E51E4208308E000E8D8CA /* AvenirNextLTPro-Medium.otf */; };
		2F6E51EA208308E000E8D8CA /* AvenirNextLTPro-UltLt.otf in Resources */ = {isa = PBXBuildFile; fileRef = 2F6E51E5208308E000E8D8CA /* AvenirNextLTPro-UltLt.otf */; };
		2F6E51EB208308E000E8D8CA /* AvenirNextLTPro-Bold.otf in Resources */ = {isa = PBXBuildFile; fileRef = 2F6E51E6208308E000E8D8CA /* AvenirNextLTPro-Bold.otf */; };
		2F6E51EE20830F6000E8D8CA /* AQWelcomeViewController.swift in Sources */ = {isa = PBXBuildFile; fileRef = 2F6E51ED20830F6000E8D8CA /* AQWelcomeViewController.swift */; };
		2F6E51F0208316AA00E8D8CA /* AvenirNextLTPro-Demi.otf in Resources */ = {isa = PBXBuildFile; fileRef = 2F6E51EF208316AA00E8D8CA /* AvenirNextLTPro-Demi.otf */; };
		2F6E51F4208317AC00E8D8CA /* Result.framework in Frameworks */ = {isa = PBXBuildFile; fileRef = 2F6E51F1208317AB00E8D8CA /* Result.framework */; };
		2F6E51F5208317AC00E8D8CA /* Result.framework in Embed Frameworks */ = {isa = PBXBuildFile; fileRef = 2F6E51F1208317AB00E8D8CA /* Result.framework */; settings = {ATTRIBUTES = (CodeSignOnCopy, RemoveHeadersOnCopy, ); }; };
		2F6E51F6208317AC00E8D8CA /* ReactiveCocoa.framework in Frameworks */ = {isa = PBXBuildFile; fileRef = 2F6E51F2208317AB00E8D8CA /* ReactiveCocoa.framework */; };
		2F6E51F7208317AC00E8D8CA /* ReactiveCocoa.framework in Embed Frameworks */ = {isa = PBXBuildFile; fileRef = 2F6E51F2208317AB00E8D8CA /* ReactiveCocoa.framework */; settings = {ATTRIBUTES = (CodeSignOnCopy, RemoveHeadersOnCopy, ); }; };
		2F6E51F8208317AC00E8D8CA /* ReactiveSwift.framework in Frameworks */ = {isa = PBXBuildFile; fileRef = 2F6E51F3208317AC00E8D8CA /* ReactiveSwift.framework */; };
		2F6E51F9208317AC00E8D8CA /* ReactiveSwift.framework in Embed Frameworks */ = {isa = PBXBuildFile; fileRef = 2F6E51F3208317AC00E8D8CA /* ReactiveSwift.framework */; settings = {ATTRIBUTES = (CodeSignOnCopy, RemoveHeadersOnCopy, ); }; };
/* End PBXBuildFile section */

/* Begin PBXContainerItemProxy section */
		2F4BBB3420522A3700AAFE1A /* PBXContainerItemProxy */ = {
			isa = PBXContainerItemProxy;
			containerPortal = 2F4BBB1720522A3600AAFE1A /* Project object */;
			proxyType = 1;
			remoteGlobalIDString = 2F4BBB1E20522A3700AAFE1A;
			remoteInfo = Bump;
		};
		2F4BBB3F20522A3700AAFE1A /* PBXContainerItemProxy */ = {
			isa = PBXContainerItemProxy;
			containerPortal = 2F4BBB1720522A3600AAFE1A /* Project object */;
			proxyType = 1;
			remoteGlobalIDString = 2F4BBB1E20522A3700AAFE1A;
			remoteInfo = Bump;
		};
/* End PBXContainerItemProxy section */

/* Begin PBXCopyFilesBuildPhase section */
		2F13120B2081B36700D462F8 /* Embed Frameworks */ = {
			isa = PBXCopyFilesBuildPhase;
			buildActionMask = 2147483647;
			dstPath = "";
			dstSubfolderSpec = 10;
			files = (
				2F6E51C42082B5C500E8D8CA /* SDWebImage.framework in Embed Frameworks */,
				2F6E51C62082B5C500E8D8CA /* Starscream.framework in Embed Frameworks */,
				2F13120A2081B36700D462F8 /* SnapKit.framework in Embed Frameworks */,
				2F6E51F5208317AC00E8D8CA /* Result.framework in Embed Frameworks */,
				2F6E51BE2082B5C500E8D8CA /* Alamofire.framework in Embed Frameworks */,
				2F6E51C02082B5C500E8D8CA /* Gloss.framework in Embed Frameworks */,
				2F6E51C22082B5C500E8D8CA /* SocketIO.framework in Embed Frameworks */,
				2F6E51F9208317AC00E8D8CA /* ReactiveSwift.framework in Embed Frameworks */,
				2F6E51F7208317AC00E8D8CA /* ReactiveCocoa.framework in Embed Frameworks */,
				2F6E51D92082BF9B00E8D8CA /* KeychainSwift.framework in Embed Frameworks */,
			);
			name = "Embed Frameworks";
			runOnlyForDeploymentPostprocessing = 0;
		};
/* End PBXCopyFilesBuildPhase section */

/* Begin PBXFileReference section */
		2F1312042081AF2600D462F8 /* BAHomeViewController.swift */ = {isa = PBXFileReference; lastKnownFileType = sourcecode.swift; path = BAHomeViewController.swift; sourceTree = "<group>"; };
		2F1312062081B0EA00D462F8 /* UIColor+HexRGB.swift */ = {isa = PBXFileReference; lastKnownFileType = sourcecode.swift; path = "UIColor+HexRGB.swift"; sourceTree = "<group>"; };
		2F1312082081B36700D462F8 /* SnapKit.framework */ = {isa = PBXFileReference; lastKnownFileType = wrapper.framework; name = SnapKit.framework; path = Carthage/Build/iOS/SnapKit.framework; sourceTree = "<group>"; };
		2F4BBB1F20522A3700AAFE1A /* Bump.app */ = {isa = PBXFileReference; explicitFileType = wrapper.application; includeInIndex = 0; path = Bump.app; sourceTree = BUILT_PRODUCTS_DIR; };
		2F4BBB2220522A3700AAFE1A /* AppDelegate.swift */ = {isa = PBXFileReference; lastKnownFileType = sourcecode.swift; path = AppDelegate.swift; sourceTree = "<group>"; };
		2F4BBB2920522A3700AAFE1A /* Assets.xcassets */ = {isa = PBXFileReference; lastKnownFileType = folder.assetcatalog; path = Assets.xcassets; sourceTree = "<group>"; };
		2F4BBB2C20522A3700AAFE1A /* Base */ = {isa = PBXFileReference; lastKnownFileType = file.storyboard; name = Base; path = Base.lproj/LaunchScreen.storyboard; sourceTree = "<group>"; };
		2F4BBB2E20522A3700AAFE1A /* Info.plist */ = {isa = PBXFileReference; lastKnownFileType = text.plist.xml; path = Info.plist; sourceTree = "<group>"; };
		2F4BBB3320522A3700AAFE1A /* BumpTests.xctest */ = {isa = PBXFileReference; explicitFileType = wrapper.cfbundle; includeInIndex = 0; path = BumpTests.xctest; sourceTree = BUILT_PRODUCTS_DIR; };
		2F4BBB3720522A3700AAFE1A /* BumpTests.swift */ = {isa = PBXFileReference; lastKnownFileType = sourcecode.swift; path = BumpTests.swift; sourceTree = "<group>"; };
		2F4BBB3920522A3700AAFE1A /* Info.plist */ = {isa = PBXFileReference; lastKnownFileType = text.plist.xml; path = Info.plist; sourceTree = "<group>"; };
		2F4BBB3E20522A3700AAFE1A /* BumpUITests.xctest */ = {isa = PBXFileReference; explicitFileType = wrapper.cfbundle; includeInIndex = 0; path = BumpUITests.xctest; sourceTree = BUILT_PRODUCTS_DIR; };
		2F4BBB4220522A3700AAFE1A /* BumpUITests.swift */ = {isa = PBXFileReference; lastKnownFileType = sourcecode.swift; path = BumpUITests.swift; sourceTree = "<group>"; };
		2F4BBB4420522A3700AAFE1A /* Info.plist */ = {isa = PBXFileReference; lastKnownFileType = text.plist.xml; path = Info.plist; sourceTree = "<group>"; };
		2F4BBB5220522AA000AAFE1A /* FontAwesome.otf */ = {isa = PBXFileReference; lastKnownFileType = file; path = FontAwesome.otf; sourceTree = "<group>"; };
		2F4BBB6320522B3100AAFE1A /* UIFont+CustomFonts.swift */ = {isa = PBXFileReference; lastKnownFileType = sourcecode.swift; path = "UIFont+CustomFonts.swift"; sourceTree = "<group>"; };
		2F6E51B02082AD9E00E8D8CA /* BABumpManager.swift */ = {isa = PBXFileReference; lastKnownFileType = sourcecode.swift; path = BABumpManager.swift; sourceTree = "<group>"; };
		2F6E51B32082AF8800E8D8CA /* BAAppConstants.swift */ = {isa = PBXFileReference; lastKnownFileType = sourcecode.swift; path = BAAppConstants.swift; sourceTree = "<group>"; };
		2F6E51B62082B10C00E8D8CA /* BAUser.swift */ = {isa = PBXFileReference; lastKnownFileType = sourcecode.swift; path = BAUser.swift; sourceTree = "<group>"; };
		2F6E51B82082B5C400E8D8CA /* Alamofire.framework */ = {isa = PBXFileReference; lastKnownFileType = wrapper.framework; name = Alamofire.framework; path = Carthage/Build/iOS/Alamofire.framework; sourceTree = "<group>"; };
		2F6E51B92082B5C400E8D8CA /* Gloss.framework */ = {isa = PBXFileReference; lastKnownFileType = wrapper.framework; name = Gloss.framework; path = Carthage/Build/iOS/Gloss.framework; sourceTree = "<group>"; };
		2F6E51BA2082B5C400E8D8CA /* SocketIO.framework */ = {isa = PBXFileReference; lastKnownFileType = wrapper.framework; name = SocketIO.framework; path = Carthage/Build/iOS/SocketIO.framework; sourceTree = "<group>"; };
		2F6E51BB2082B5C500E8D8CA /* SDWebImage.framework */ = {isa = PBXFileReference; lastKnownFileType = wrapper.framework; name = SDWebImage.framework; path = Carthage/Build/iOS/SDWebImage.framework; sourceTree = "<group>"; };
		2F6E51BC2082B5C500E8D8CA /* Starscream.framework */ = {isa = PBXFileReference; lastKnownFileType = wrapper.framework; name = Starscream.framework; path = Carthage/Build/iOS/Starscream.framework; sourceTree = "<group>"; };
		2F6E51C82082B86E00E8D8CA /* BANetworkHandler.swift */ = {isa = PBXFileReference; lastKnownFileType = sourcecode.swift; path = BANetworkHandler.swift; sourceTree = "<group>"; };
		2F6E51CA2082B8D000E8D8CA /* BAURLRouter.swift */ = {isa = PBXFileReference; lastKnownFileType = sourcecode.swift; path = BAURLRouter.swift; sourceTree = "<group>"; };
		2F6E51CC2082B9CD00E8D8CA /* BAAppManager.swift */ = {isa = PBXFileReference; lastKnownFileType = sourcecode.swift; path = BAAppManager.swift; sourceTree = "<group>"; };
		2F6E51CF2082BBF700E8D8CA /* BANetworkHandler+Authentication.swift */ = {isa = PBXFileReference; lastKnownFileType = sourcecode.swift; path = "BANetworkHandler+Authentication.swift"; sourceTree = "<group>"; };
		2F6E51D22082BD5800E8D8CA /* BANetworkHandler+User.swift */ = {isa = PBXFileReference; lastKnownFileType = sourcecode.swift; path = "BANetworkHandler+User.swift"; sourceTree = "<group>"; };
		2F6E51D52082BE4000E8D8CA /* BAAuthenticationManager.swift */ = {isa = PBXFileReference; lastKnownFileType = sourcecode.swift; path = BAAuthenticationManager.swift; sourceTree = "<group>"; };
		2F6E51D72082BF9B00E8D8CA /* KeychainSwift.framework */ = {isa = PBXFileReference; lastKnownFileType = wrapper.framework; name = KeychainSwift.framework; path = Carthage/Build/iOS/KeychainSwift.framework; sourceTree = "<group>"; };
		2F6E51DB2082C2C000E8D8CA /* BAError.swift */ = {isa = PBXFileReference; lastKnownFileType = sourcecode.swift; path = BAError.swift; sourceTree = "<group>"; };
		2F6E51DD2082CB5000E8D8CA /* BAUserHolder.swift */ = {isa = PBXFileReference; lastKnownFileType = sourcecode.swift; path = BAUserHolder.swift; sourceTree = "<group>"; };
		2F6E51E02082FF3000E8D8CA /* BALocationManager.swift */ = {isa = PBXFileReference; lastKnownFileType = sourcecode.swift; path = BALocationManager.swift; sourceTree = "<group>"; };
		2F6E51E2208308E000E8D8CA /* AvenirNextLTPro-It.otf */ = {isa = PBXFileReference; lastKnownFileType = file; path = "AvenirNextLTPro-It.otf"; sourceTree = "<group>"; };
		2F6E51E3208308E000E8D8CA /* AvenirNextLTPro-Regular.otf */ = {isa = PBXFileReference; lastKnownFileType = file; path = "AvenirNextLTPro-Regular.otf"; sourceTree = "<group>"; };
		2F6E51E4208308E000E8D8CA /* AvenirNextLTPro-Medium.otf */ = {isa = PBXFileReference; lastKnownFileType = file; path = "AvenirNextLTPro-Medium.otf"; sourceTree = "<group>"; };
		2F6E51E5208308E000E8D8CA /* AvenirNextLTPro-UltLt.otf */ = {isa = PBXFileReference; lastKnownFileType = file; path = "AvenirNextLTPro-UltLt.otf"; sourceTree = "<group>"; };
		2F6E51E6208308E000E8D8CA /* AvenirNextLTPro-Bold.otf */ = {isa = PBXFileReference; lastKnownFileType = file; path = "AvenirNextLTPro-Bold.otf"; sourceTree = "<group>"; };
		2F6E51ED20830F6000E8D8CA /* AQWelcomeViewController.swift */ = {isa = PBXFileReference; lastKnownFileType = sourcecode.swift; path = AQWelcomeViewController.swift; sourceTree = "<group>"; };
		2F6E51EF208316AA00E8D8CA /* AvenirNextLTPro-Demi.otf */ = {isa = PBXFileReference; lastKnownFileType = file; path = "AvenirNextLTPro-Demi.otf"; sourceTree = "<group>"; };
		2F6E51F1208317AB00E8D8CA /* Result.framework */ = {isa = PBXFileReference; lastKnownFileType = wrapper.framework; name = Result.framework; path = Carthage/Build/iOS/Result.framework; sourceTree = "<group>"; };
		2F6E51F2208317AB00E8D8CA /* ReactiveCocoa.framework */ = {isa = PBXFileReference; lastKnownFileType = wrapper.framework; name = ReactiveCocoa.framework; path = Carthage/Build/iOS/ReactiveCocoa.framework; sourceTree = "<group>"; };
		2F6E51F3208317AC00E8D8CA /* ReactiveSwift.framework */ = {isa = PBXFileReference; lastKnownFileType = wrapper.framework; name = ReactiveSwift.framework; path = Carthage/Build/iOS/ReactiveSwift.framework; sourceTree = "<group>"; };
/* End PBXFileReference section */

/* Begin PBXFrameworksBuildPhase section */
		2F4BBB1C20522A3700AAFE1A /* Frameworks */ = {
			isa = PBXFrameworksBuildPhase;
			buildActionMask = 2147483647;
			files = (
				2F6E51C32082B5C500E8D8CA /* SDWebImage.framework in Frameworks */,
				2F6E51C52082B5C500E8D8CA /* Starscream.framework in Frameworks */,
				2F1312092081B36700D462F8 /* SnapKit.framework in Frameworks */,
				2F6E51F4208317AC00E8D8CA /* Result.framework in Frameworks */,
				2F6E51BD2082B5C500E8D8CA /* Alamofire.framework in Frameworks */,
				2F6E51BF2082B5C500E8D8CA /* Gloss.framework in Frameworks */,
				2F6E51C12082B5C500E8D8CA /* SocketIO.framework in Frameworks */,
				2F6E51F8208317AC00E8D8CA /* ReactiveSwift.framework in Frameworks */,
				2F6E51F6208317AC00E8D8CA /* ReactiveCocoa.framework in Frameworks */,
				2F6E51D82082BF9B00E8D8CA /* KeychainSwift.framework in Frameworks */,
			);
			runOnlyForDeploymentPostprocessing = 0;
		};
		2F4BBB3020522A3700AAFE1A /* Frameworks */ = {
			isa = PBXFrameworksBuildPhase;
			buildActionMask = 2147483647;
			files = (
			);
			runOnlyForDeploymentPostprocessing = 0;
		};
		2F4BBB3B20522A3700AAFE1A /* Frameworks */ = {
			isa = PBXFrameworksBuildPhase;
			buildActionMask = 2147483647;
			files = (
			);
			runOnlyForDeploymentPostprocessing = 0;
		};
/* End PBXFrameworksBuildPhase section */

/* Begin PBXGroup section */
		2F1312032081AEE900D462F8 /* Home */ = {
			isa = PBXGroup;
			children = (
				2F1312042081AF2600D462F8 /* BAHomeViewController.swift */,
			);
			path = Home;
			sourceTree = "<group>";
		};
		2F4BBB1620522A3600AAFE1A = {
			isa = PBXGroup;
			children = (
				2F6E51F2208317AB00E8D8CA /* ReactiveCocoa.framework */,
				2F6E51F3208317AC00E8D8CA /* ReactiveSwift.framework */,
				2F6E51F1208317AB00E8D8CA /* Result.framework */,
				2F6E51D72082BF9B00E8D8CA /* KeychainSwift.framework */,
				2F6E51B82082B5C400E8D8CA /* Alamofire.framework */,
				2F6E51B92082B5C400E8D8CA /* Gloss.framework */,
				2F6E51BB2082B5C500E8D8CA /* SDWebImage.framework */,
				2F6E51BA2082B5C400E8D8CA /* SocketIO.framework */,
				2F6E51BC2082B5C500E8D8CA /* Starscream.framework */,
				2F1312082081B36700D462F8 /* SnapKit.framework */,
				2F4BBB2120522A3700AAFE1A /* Bump */,
				2F4BBB3620522A3700AAFE1A /* BumpTests */,
				2F4BBB4120522A3700AAFE1A /* BumpUITests */,
				2F4BBB2020522A3700AAFE1A /* Products */,
			);
			sourceTree = "<group>";
		};
		2F4BBB2020522A3700AAFE1A /* Products */ = {
			isa = PBXGroup;
			children = (
				2F4BBB1F20522A3700AAFE1A /* Bump.app */,
				2F4BBB3320522A3700AAFE1A /* BumpTests.xctest */,
				2F4BBB3E20522A3700AAFE1A /* BumpUITests.xctest */,
			);
			name = Products;
			sourceTree = "<group>";
		};
		2F4BBB2120522A3700AAFE1A /* Bump */ = {
			isa = PBXGroup;
			children = (
				2F4BBB5F20522AD400AAFE1A /* Models */,
				2F4BBB6020522AE900AAFE1A /* Controllers */,
				2F4BBB2220522A3700AAFE1A /* AppDelegate.swift */,
				2F4BBB2920522A3700AAFE1A /* Assets.xcassets */,
				2F4BBB2B20522A3700AAFE1A /* LaunchScreen.storyboard */,
				2F4BBB2E20522A3700AAFE1A /* Info.plist */,
				2F4BBB5020522AA000AAFE1A /* Resources */,
			);
			path = Bump;
			sourceTree = "<group>";
		};
		2F4BBB3620522A3700AAFE1A /* BumpTests */ = {
			isa = PBXGroup;
			children = (
				2F4BBB3720522A3700AAFE1A /* BumpTests.swift */,
				2F4BBB3920522A3700AAFE1A /* Info.plist */,
			);
			path = BumpTests;
			sourceTree = "<group>";
		};
		2F4BBB4120522A3700AAFE1A /* BumpUITests */ = {
			isa = PBXGroup;
			children = (
				2F4BBB4220522A3700AAFE1A /* BumpUITests.swift */,
				2F4BBB4420522A3700AAFE1A /* Info.plist */,
			);
			path = BumpUITests;
			sourceTree = "<group>";
		};
		2F4BBB5020522AA000AAFE1A /* Resources */ = {
			isa = PBXGroup;
			children = (
				2F6E51E6208308E000E8D8CA /* AvenirNextLTPro-Bold.otf */,
				2F6E51EF208316AA00E8D8CA /* AvenirNextLTPro-Demi.otf */,
				2F6E51E2208308E000E8D8CA /* AvenirNextLTPro-It.otf */,
				2F6E51E4208308E000E8D8CA /* AvenirNextLTPro-Medium.otf */,
				2F6E51E3208308E000E8D8CA /* AvenirNextLTPro-Regular.otf */,
				2F6E51E5208308E000E8D8CA /* AvenirNextLTPro-UltLt.otf */,
				2F4BBB5220522AA000AAFE1A /* FontAwesome.otf */,
			);
			path = Resources;
			sourceTree = "<group>";
		};
		2F4BBB5F20522AD400AAFE1A /* Models */ = {
			isa = PBXGroup;
			children = (
				2F6E51D42082BE2800E8D8CA /* Authentication */,
				2F6E51AF2082AD2A00E8D8CA /* Bump */,
				2F6E51B22082AF7D00E8D8CA /* Constants */,
				2F6E51DA2082C2A400E8D8CA /* Error */,
				2F4BBB6220522B1900AAFE1A /* Extensions */,
				2F4BBB6120522AFF00AAFE1A /* Helper */,
				2F6E51DF2082FF2200E8D8CA /* Location */,
				2F6E51C72082B82900E8D8CA /* Network */,
				2F6E51B52082B0F100E8D8CA /* User */,
			);
			path = Models;
			sourceTree = "<group>";
		};
		2F4BBB6020522AE900AAFE1A /* Controllers */ = {
			isa = PBXGroup;
			children = (
				2F4BBB6520522CD500AAFE1A /* First Experience */,
				2F1312032081AEE900D462F8 /* Home */,
				2F6E51EC20830F4A00E8D8CA /* Login */,
			);
			path = Controllers;
			sourceTree = "<group>";
		};
		2F4BBB6120522AFF00AAFE1A /* Helper */ = {
			isa = PBXGroup;
			children = (
				2F6E51CC2082B9CD00E8D8CA /* BAAppManager.swift */,
			);
			path = Helper;
			sourceTree = "<group>";
		};
		2F4BBB6220522B1900AAFE1A /* Extensions */ = {
			isa = PBXGroup;
			children = (
				2F4BBB6320522B3100AAFE1A /* UIFont+CustomFonts.swift */,
				2F1312062081B0EA00D462F8 /* UIColor+HexRGB.swift */,
			);
			path = Extensions;
			sourceTree = "<group>";
		};
		2F4BBB6520522CD500AAFE1A /* First Experience */ = {
			isa = PBXGroup;
			children = (
			);
			path = "First Experience";
			sourceTree = "<group>";
		};
		2F6E51AF2082AD2A00E8D8CA /* Bump */ = {
			isa = PBXGroup;
			children = (
				2F6E51B02082AD9E00E8D8CA /* BABumpManager.swift */,
			);
			path = Bump;
			sourceTree = "<group>";
		};
		2F6E51B22082AF7D00E8D8CA /* Constants */ = {
			isa = PBXGroup;
			children = (
				2F6E51B32082AF8800E8D8CA /* BAAppConstants.swift */,
			);
			path = Constants;
			sourceTree = "<group>";
		};
		2F6E51B52082B0F100E8D8CA /* User */ = {
			isa = PBXGroup;
			children = (
				2F6E51B62082B10C00E8D8CA /* BAUser.swift */,
				2F6E51DD2082CB5000E8D8CA /* BAUserHolder.swift */,
			);
			path = User;
			sourceTree = "<group>";
		};
		2F6E51C72082B82900E8D8CA /* Network */ = {
			isa = PBXGroup;
			children = (
				2F6E51C82082B86E00E8D8CA /* BANetworkHandler.swift */,
				2F6E51CA2082B8D000E8D8CA /* BAURLRouter.swift */,
				2F6E51CE2082BBD000E8D8CA /* Authentication */,
				2F6E51D12082BD4A00E8D8CA /* User */,
			);
			path = Network;
			sourceTree = "<group>";
		};
		2F6E51CE2082BBD000E8D8CA /* Authentication */ = {
			isa = PBXGroup;
			children = (
				2F6E51CF2082BBF700E8D8CA /* BANetworkHandler+Authentication.swift */,
			);
			path = Authentication;
			sourceTree = "<group>";
		};
		2F6E51D12082BD4A00E8D8CA /* User */ = {
			isa = PBXGroup;
			children = (
				2F6E51D22082BD5800E8D8CA /* BANetworkHandler+User.swift */,
			);
			path = User;
			sourceTree = "<group>";
		};
		2F6E51D42082BE2800E8D8CA /* Authentication */ = {
			isa = PBXGroup;
			children = (
				2F6E51D52082BE4000E8D8CA /* BAAuthenticationManager.swift */,
			);
			path = Authentication;
			sourceTree = "<group>";
		};
		2F6E51DA2082C2A400E8D8CA /* Error */ = {
			isa = PBXGroup;
			children = (
				2F6E51DB2082C2C000E8D8CA /* BAError.swift */,
			);
			path = Error;
			sourceTree = "<group>";
		};
		2F6E51DF2082FF2200E8D8CA /* Location */ = {
			isa = PBXGroup;
			children = (
				2F6E51E02082FF3000E8D8CA /* BALocationManager.swift */,
			);
			path = Location;
			sourceTree = "<group>";
		};
		2F6E51EC20830F4A00E8D8CA /* Login */ = {
			isa = PBXGroup;
			children = (
				2F6E51ED20830F6000E8D8CA /* AQWelcomeViewController.swift */,
			);
			path = Login;
			sourceTree = "<group>";
		};
/* End PBXGroup section */

/* Begin PBXNativeTarget section */
		2F4BBB1E20522A3700AAFE1A /* Bump */ = {
			isa = PBXNativeTarget;
			buildConfigurationList = 2F4BBB4720522A3700AAFE1A /* Build configuration list for PBXNativeTarget "Bump" */;
			buildPhases = (
				2F4BBB1B20522A3700AAFE1A /* Sources */,
				2F4BBB1C20522A3700AAFE1A /* Frameworks */,
				2F4BBB1D20522A3700AAFE1A /* Resources */,
				2F13120B2081B36700D462F8 /* Embed Frameworks */,
			);
			buildRules = (
			);
			dependencies = (
			);
			name = Bump;
			productName = Bump;
			productReference = 2F4BBB1F20522A3700AAFE1A /* Bump.app */;
			productType = "com.apple.product-type.application";
		};
		2F4BBB3220522A3700AAFE1A /* BumpTests */ = {
			isa = PBXNativeTarget;
			buildConfigurationList = 2F4BBB4A20522A3700AAFE1A /* Build configuration list for PBXNativeTarget "BumpTests" */;
			buildPhases = (
				2F4BBB2F20522A3700AAFE1A /* Sources */,
				2F4BBB3020522A3700AAFE1A /* Frameworks */,
				2F4BBB3120522A3700AAFE1A /* Resources */,
			);
			buildRules = (
			);
			dependencies = (
				2F4BBB3520522A3700AAFE1A /* PBXTargetDependency */,
			);
			name = BumpTests;
			productName = BumpTests;
			productReference = 2F4BBB3320522A3700AAFE1A /* BumpTests.xctest */;
			productType = "com.apple.product-type.bundle.unit-test";
		};
		2F4BBB3D20522A3700AAFE1A /* BumpUITests */ = {
			isa = PBXNativeTarget;
			buildConfigurationList = 2F4BBB4D20522A3700AAFE1A /* Build configuration list for PBXNativeTarget "BumpUITests" */;
			buildPhases = (
				2F4BBB3A20522A3700AAFE1A /* Sources */,
				2F4BBB3B20522A3700AAFE1A /* Frameworks */,
				2F4BBB3C20522A3700AAFE1A /* Resources */,
			);
			buildRules = (
			);
			dependencies = (
				2F4BBB4020522A3700AAFE1A /* PBXTargetDependency */,
			);
			name = BumpUITests;
			productName = BumpUITests;
			productReference = 2F4BBB3E20522A3700AAFE1A /* BumpUITests.xctest */;
			productType = "com.apple.product-type.bundle.ui-testing";
		};
/* End PBXNativeTarget section */

/* Begin PBXProject section */
		2F4BBB1720522A3600AAFE1A /* Project object */ = {
			isa = PBXProject;
			attributes = {
				LastSwiftUpdateCheck = 0920;
				LastUpgradeCheck = 0920;
				ORGANIZATIONNAME = tjwio;
				TargetAttributes = {
					2F4BBB1E20522A3700AAFE1A = {
						CreatedOnToolsVersion = 9.2;
						ProvisioningStyle = Automatic;
					};
					2F4BBB3220522A3700AAFE1A = {
						CreatedOnToolsVersion = 9.2;
						ProvisioningStyle = Automatic;
						TestTargetID = 2F4BBB1E20522A3700AAFE1A;
					};
					2F4BBB3D20522A3700AAFE1A = {
						CreatedOnToolsVersion = 9.2;
						ProvisioningStyle = Automatic;
						TestTargetID = 2F4BBB1E20522A3700AAFE1A;
					};
				};
			};
			buildConfigurationList = 2F4BBB1A20522A3600AAFE1A /* Build configuration list for PBXProject "Bump" */;
			compatibilityVersion = "Xcode 8.0";
			developmentRegion = en;
			hasScannedForEncodings = 0;
			knownRegions = (
				en,
				Base,
			);
			mainGroup = 2F4BBB1620522A3600AAFE1A;
			productRefGroup = 2F4BBB2020522A3700AAFE1A /* Products */;
			projectDirPath = "";
			projectRoot = "";
			targets = (
				2F4BBB1E20522A3700AAFE1A /* Bump */,
				2F4BBB3220522A3700AAFE1A /* BumpTests */,
				2F4BBB3D20522A3700AAFE1A /* BumpUITests */,
			);
		};
/* End PBXProject section */

/* Begin PBXResourcesBuildPhase section */
		2F4BBB1D20522A3700AAFE1A /* Resources */ = {
			isa = PBXResourcesBuildPhase;
			buildActionMask = 2147483647;
			files = (
				2F6E51E9208308E000E8D8CA /* AvenirNextLTPro-Medium.otf in Resources */,
				2F6E51F0208316AA00E8D8CA /* AvenirNextLTPro-Demi.otf in Resources */,
				2F6E51E7208308E000E8D8CA /* AvenirNextLTPro-It.otf in Resources */,
				2F6E51EB208308E000E8D8CA /* AvenirNextLTPro-Bold.otf in Resources */,
				2F6E51E8208308E000E8D8CA /* AvenirNextLTPro-Regular.otf in Resources */,
				2F4BBB2D20522A3700AAFE1A /* LaunchScreen.storyboard in Resources */,
				2F4BBB5920522AA000AAFE1A /* FontAwesome.otf in Resources */,
				2F6E51EA208308E000E8D8CA /* AvenirNextLTPro-UltLt.otf in Resources */,
				2F4BBB2A20522A3700AAFE1A /* Assets.xcassets in Resources */,
			);
			runOnlyForDeploymentPostprocessing = 0;
		};
		2F4BBB3120522A3700AAFE1A /* Resources */ = {
			isa = PBXResourcesBuildPhase;
			buildActionMask = 2147483647;
			files = (
			);
			runOnlyForDeploymentPostprocessing = 0;
		};
		2F4BBB3C20522A3700AAFE1A /* Resources */ = {
			isa = PBXResourcesBuildPhase;
			buildActionMask = 2147483647;
			files = (
			);
			runOnlyForDeploymentPostprocessing = 0;
		};
/* End PBXResourcesBuildPhase section */

/* Begin PBXSourcesBuildPhase section */
		2F4BBB1B20522A3700AAFE1A /* Sources */ = {
			isa = PBXSourcesBuildPhase;
			buildActionMask = 2147483647;
			files = (
				2F6E51B12082AD9E00E8D8CA /* BABumpManager.swift in Sources */,
				2F6E51D62082BE4000E8D8CA /* BAAuthenticationManager.swift in Sources */,
				2F6E51B72082B10C00E8D8CA /* BAUser.swift in Sources */,
				2F1312052081AF2600D462F8 /* BAHomeViewController.swift in Sources */,
				2F6E51B42082AF8800E8D8CA /* BAAppConstants.swift in Sources */,
				2F6E51CD2082B9CD00E8D8CA /* BAAppManager.swift in Sources */,
				2F6E51EE20830F6000E8D8CA /* AQWelcomeViewController.swift in Sources */,
				2F6E51DE2082CB5000E8D8CA /* BAUserHolder.swift in Sources */,
				2F6E51D02082BBF700E8D8CA /* BANetworkHandler+Authentication.swift in Sources */,
				2F6E51C92082B86E00E8D8CA /* BANetworkHandler.swift in Sources */,
				2F6E51E12082FF3000E8D8CA /* BALocationManager.swift in Sources */,
				2F6E51D32082BD5800E8D8CA /* BANetworkHandler+User.swift in Sources */,
				2F6E51CB2082B8D000E8D8CA /* BAURLRouter.swift in Sources */,
				2F4BBB6420522B3100AAFE1A /* UIFont+CustomFonts.swift in Sources */,
				2F6E51DC2082C2C000E8D8CA /* BAError.swift in Sources */,
				2F4BBB2320522A3700AAFE1A /* AppDelegate.swift in Sources */,
				2F1312072081B0EA00D462F8 /* UIColor+HexRGB.swift in Sources */,
			);
			runOnlyForDeploymentPostprocessing = 0;
		};
		2F4BBB2F20522A3700AAFE1A /* Sources */ = {
			isa = PBXSourcesBuildPhase;
			buildActionMask = 2147483647;
			files = (
				2F4BBB3820522A3700AAFE1A /* BumpTests.swift in Sources */,
			);
			runOnlyForDeploymentPostprocessing = 0;
		};
		2F4BBB3A20522A3700AAFE1A /* Sources */ = {
			isa = PBXSourcesBuildPhase;
			buildActionMask = 2147483647;
			files = (
				2F4BBB4320522A3700AAFE1A /* BumpUITests.swift in Sources */,
			);
			runOnlyForDeploymentPostprocessing = 0;
		};
/* End PBXSourcesBuildPhase section */

/* Begin PBXTargetDependency section */
		2F4BBB3520522A3700AAFE1A /* PBXTargetDependency */ = {
			isa = PBXTargetDependency;
			target = 2F4BBB1E20522A3700AAFE1A /* Bump */;
			targetProxy = 2F4BBB3420522A3700AAFE1A /* PBXContainerItemProxy */;
		};
		2F4BBB4020522A3700AAFE1A /* PBXTargetDependency */ = {
			isa = PBXTargetDependency;
			target = 2F4BBB1E20522A3700AAFE1A /* Bump */;
			targetProxy = 2F4BBB3F20522A3700AAFE1A /* PBXContainerItemProxy */;
		};
/* End PBXTargetDependency section */

/* Begin PBXVariantGroup section */
		2F4BBB2B20522A3700AAFE1A /* LaunchScreen.storyboard */ = {
			isa = PBXVariantGroup;
			children = (
				2F4BBB2C20522A3700AAFE1A /* Base */,
			);
			name = LaunchScreen.storyboard;
			sourceTree = "<group>";
		};
/* End PBXVariantGroup section */

/* Begin XCBuildConfiguration section */
		2F4BBB4520522A3700AAFE1A /* Debug */ = {
			isa = XCBuildConfiguration;
			buildSettings = {
				ALWAYS_SEARCH_USER_PATHS = NO;
				CLANG_ANALYZER_NONNULL = YES;
				CLANG_ANALYZER_NUMBER_OBJECT_CONVERSION = YES_AGGRESSIVE;
				CLANG_CXX_LANGUAGE_STANDARD = "gnu++14";
				CLANG_CXX_LIBRARY = "libc++";
				CLANG_ENABLE_MODULES = YES;
				CLANG_ENABLE_OBJC_ARC = YES;
				CLANG_WARN_BLOCK_CAPTURE_AUTORELEASING = YES;
				CLANG_WARN_BOOL_CONVERSION = YES;
				CLANG_WARN_COMMA = YES;
				CLANG_WARN_CONSTANT_CONVERSION = YES;
				CLANG_WARN_DIRECT_OBJC_ISA_USAGE = YES_ERROR;
				CLANG_WARN_DOCUMENTATION_COMMENTS = YES;
				CLANG_WARN_EMPTY_BODY = YES;
				CLANG_WARN_ENUM_CONVERSION = YES;
				CLANG_WARN_INFINITE_RECURSION = YES;
				CLANG_WARN_INT_CONVERSION = YES;
				CLANG_WARN_NON_LITERAL_NULL_CONVERSION = YES;
				CLANG_WARN_OBJC_LITERAL_CONVERSION = YES;
				CLANG_WARN_OBJC_ROOT_CLASS = YES_ERROR;
				CLANG_WARN_RANGE_LOOP_ANALYSIS = YES;
				CLANG_WARN_STRICT_PROTOTYPES = YES;
				CLANG_WARN_SUSPICIOUS_MOVE = YES;
				CLANG_WARN_UNGUARDED_AVAILABILITY = YES_AGGRESSIVE;
				CLANG_WARN_UNREACHABLE_CODE = YES;
				CLANG_WARN__DUPLICATE_METHOD_MATCH = YES;
				CODE_SIGN_IDENTITY = "iPhone Developer";
				COPY_PHASE_STRIP = NO;
				DEBUG_INFORMATION_FORMAT = dwarf;
				ENABLE_STRICT_OBJC_MSGSEND = YES;
				ENABLE_TESTABILITY = YES;
				GCC_C_LANGUAGE_STANDARD = gnu11;
				GCC_DYNAMIC_NO_PIC = NO;
				GCC_NO_COMMON_BLOCKS = YES;
				GCC_OPTIMIZATION_LEVEL = 0;
				GCC_PREPROCESSOR_DEFINITIONS = (
					"DEBUG=1",
					"$(inherited)",
				);
				GCC_WARN_64_TO_32_BIT_CONVERSION = YES;
				GCC_WARN_ABOUT_RETURN_TYPE = YES_ERROR;
				GCC_WARN_UNDECLARED_SELECTOR = YES;
				GCC_WARN_UNINITIALIZED_AUTOS = YES_AGGRESSIVE;
				GCC_WARN_UNUSED_FUNCTION = YES;
				GCC_WARN_UNUSED_VARIABLE = YES;
				IPHONEOS_DEPLOYMENT_TARGET = 11.2;
				MTL_ENABLE_DEBUG_INFO = YES;
				ONLY_ACTIVE_ARCH = YES;
				SDKROOT = iphoneos;
				SWIFT_ACTIVE_COMPILATION_CONDITIONS = DEBUG;
				SWIFT_OPTIMIZATION_LEVEL = "-Onone";
			};
			name = Debug;
		};
		2F4BBB4620522A3700AAFE1A /* Release */ = {
			isa = XCBuildConfiguration;
			buildSettings = {
				ALWAYS_SEARCH_USER_PATHS = NO;
				CLANG_ANALYZER_NONNULL = YES;
				CLANG_ANALYZER_NUMBER_OBJECT_CONVERSION = YES_AGGRESSIVE;
				CLANG_CXX_LANGUAGE_STANDARD = "gnu++14";
				CLANG_CXX_LIBRARY = "libc++";
				CLANG_ENABLE_MODULES = YES;
				CLANG_ENABLE_OBJC_ARC = YES;
				CLANG_WARN_BLOCK_CAPTURE_AUTORELEASING = YES;
				CLANG_WARN_BOOL_CONVERSION = YES;
				CLANG_WARN_COMMA = YES;
				CLANG_WARN_CONSTANT_CONVERSION = YES;
				CLANG_WARN_DIRECT_OBJC_ISA_USAGE = YES_ERROR;
				CLANG_WARN_DOCUMENTATION_COMMENTS = YES;
				CLANG_WARN_EMPTY_BODY = YES;
				CLANG_WARN_ENUM_CONVERSION = YES;
				CLANG_WARN_INFINITE_RECURSION = YES;
				CLANG_WARN_INT_CONVERSION = YES;
				CLANG_WARN_NON_LITERAL_NULL_CONVERSION = YES;
				CLANG_WARN_OBJC_LITERAL_CONVERSION = YES;
				CLANG_WARN_OBJC_ROOT_CLASS = YES_ERROR;
				CLANG_WARN_RANGE_LOOP_ANALYSIS = YES;
				CLANG_WARN_STRICT_PROTOTYPES = YES;
				CLANG_WARN_SUSPICIOUS_MOVE = YES;
				CLANG_WARN_UNGUARDED_AVAILABILITY = YES_AGGRESSIVE;
				CLANG_WARN_UNREACHABLE_CODE = YES;
				CLANG_WARN__DUPLICATE_METHOD_MATCH = YES;
				CODE_SIGN_IDENTITY = "iPhone Developer";
				COPY_PHASE_STRIP = NO;
				DEBUG_INFORMATION_FORMAT = "dwarf-with-dsym";
				ENABLE_NS_ASSERTIONS = NO;
				ENABLE_STRICT_OBJC_MSGSEND = YES;
				GCC_C_LANGUAGE_STANDARD = gnu11;
				GCC_NO_COMMON_BLOCKS = YES;
				GCC_WARN_64_TO_32_BIT_CONVERSION = YES;
				GCC_WARN_ABOUT_RETURN_TYPE = YES_ERROR;
				GCC_WARN_UNDECLARED_SELECTOR = YES;
				GCC_WARN_UNINITIALIZED_AUTOS = YES_AGGRESSIVE;
				GCC_WARN_UNUSED_FUNCTION = YES;
				GCC_WARN_UNUSED_VARIABLE = YES;
				IPHONEOS_DEPLOYMENT_TARGET = 11.2;
				MTL_ENABLE_DEBUG_INFO = NO;
				SDKROOT = iphoneos;
				SWIFT_OPTIMIZATION_LEVEL = "-Owholemodule";
				VALIDATE_PRODUCT = YES;
			};
			name = Release;
		};
		2F4BBB4820522A3700AAFE1A /* Debug */ = {
			isa = XCBuildConfiguration;
			buildSettings = {
				ASSETCATALOG_COMPILER_APPICON_NAME = AppIcon;
				CODE_SIGN_STYLE = Automatic;
				DEVELOPMENT_TEAM = 4AC368HQ6Z;
				FRAMEWORK_SEARCH_PATHS = (
					"$(inherited)",
					"$(PROJECT_DIR)/Carthage/Build/iOS",
				);
				INFOPLIST_FILE = Bump/Info.plist;
				LD_RUNPATH_SEARCH_PATHS = "$(inherited) @executable_path/Frameworks";
				PRODUCT_BUNDLE_IDENTIFIER = io.tjw.Bump;
				PRODUCT_NAME = "$(TARGET_NAME)";
				SWIFT_VERSION = 4.0;
				TARGETED_DEVICE_FAMILY = "1,2";
			};
			name = Debug;
		};
		2F4BBB4920522A3700AAFE1A /* Release */ = {
			isa = XCBuildConfiguration;
			buildSettings = {
				ASSETCATALOG_COMPILER_APPICON_NAME = AppIcon;
				CODE_SIGN_STYLE = Automatic;
				DEVELOPMENT_TEAM = 4AC368HQ6Z;
				FRAMEWORK_SEARCH_PATHS = (
					"$(inherited)",
					"$(PROJECT_DIR)/Carthage/Build/iOS",
				);
				INFOPLIST_FILE = Bump/Info.plist;
				LD_RUNPATH_SEARCH_PATHS = "$(inherited) @executable_path/Frameworks";
				PRODUCT_BUNDLE_IDENTIFIER = io.tjw.Bump;
				PRODUCT_NAME = "$(TARGET_NAME)";
				SWIFT_VERSION = 4.0;
				TARGETED_DEVICE_FAMILY = "1,2";
			};
			name = Release;
		};
		2F4BBB4B20522A3700AAFE1A /* Debug */ = {
			isa = XCBuildConfiguration;
			buildSettings = {
				ALWAYS_EMBED_SWIFT_STANDARD_LIBRARIES = YES;
				BUNDLE_LOADER = "$(TEST_HOST)";
				CODE_SIGN_STYLE = Automatic;
				DEVELOPMENT_TEAM = 4AC368HQ6Z;
				INFOPLIST_FILE = BumpTests/Info.plist;
				LD_RUNPATH_SEARCH_PATHS = "$(inherited) @executable_path/Frameworks @loader_path/Frameworks";
				PRODUCT_BUNDLE_IDENTIFIER = io.tjw.BumpTests;
				PRODUCT_NAME = "$(TARGET_NAME)";
				SWIFT_VERSION = 4.0;
				TARGETED_DEVICE_FAMILY = "1,2";
				TEST_HOST = "$(BUILT_PRODUCTS_DIR)/Bump.app/Bump";
			};
			name = Debug;
		};
		2F4BBB4C20522A3700AAFE1A /* Release */ = {
			isa = XCBuildConfiguration;
			buildSettings = {
				ALWAYS_EMBED_SWIFT_STANDARD_LIBRARIES = YES;
				BUNDLE_LOADER = "$(TEST_HOST)";
				CODE_SIGN_STYLE = Automatic;
				DEVELOPMENT_TEAM = 4AC368HQ6Z;
				INFOPLIST_FILE = BumpTests/Info.plist;
				LD_RUNPATH_SEARCH_PATHS = "$(inherited) @executable_path/Frameworks @loader_path/Frameworks";
				PRODUCT_BUNDLE_IDENTIFIER = io.tjw.BumpTests;
				PRODUCT_NAME = "$(TARGET_NAME)";
				SWIFT_VERSION = 4.0;
				TARGETED_DEVICE_FAMILY = "1,2";
				TEST_HOST = "$(BUILT_PRODUCTS_DIR)/Bump.app/Bump";
			};
			name = Release;
		};
		2F4BBB4E20522A3700AAFE1A /* Debug */ = {
			isa = XCBuildConfiguration;
			buildSettings = {
				ALWAYS_EMBED_SWIFT_STANDARD_LIBRARIES = YES;
				CODE_SIGN_STYLE = Automatic;
				DEVELOPMENT_TEAM = 4AC368HQ6Z;
				INFOPLIST_FILE = BumpUITests/Info.plist;
				LD_RUNPATH_SEARCH_PATHS = "$(inherited) @executable_path/Frameworks @loader_path/Frameworks";
				PRODUCT_BUNDLE_IDENTIFIER = io.tjw.BumpUITests;
				PRODUCT_NAME = "$(TARGET_NAME)";
				SWIFT_VERSION = 4.0;
				TARGETED_DEVICE_FAMILY = "1,2";
				TEST_TARGET_NAME = Bump;
			};
			name = Debug;
		};
		2F4BBB4F20522A3700AAFE1A /* Release */ = {
			isa = XCBuildConfiguration;
			buildSettings = {
				ALWAYS_EMBED_SWIFT_STANDARD_LIBRARIES = YES;
				CODE_SIGN_STYLE = Automatic;
				DEVELOPMENT_TEAM = 4AC368HQ6Z;
				INFOPLIST_FILE = BumpUITests/Info.plist;
				LD_RUNPATH_SEARCH_PATHS = "$(inherited) @executable_path/Frameworks @loader_path/Frameworks";
				PRODUCT_BUNDLE_IDENTIFIER = io.tjw.BumpUITests;
				PRODUCT_NAME = "$(TARGET_NAME)";
				SWIFT_VERSION = 4.0;
				TARGETED_DEVICE_FAMILY = "1,2";
				TEST_TARGET_NAME = Bump;
			};
			name = Release;
		};
/* End XCBuildConfiguration section */

/* Begin XCConfigurationList section */
		2F4BBB1A20522A3600AAFE1A /* Build configuration list for PBXProject "Bump" */ = {
			isa = XCConfigurationList;
			buildConfigurations = (
				2F4BBB4520522A3700AAFE1A /* Debug */,
				2F4BBB4620522A3700AAFE1A /* Release */,
			);
			defaultConfigurationIsVisible = 0;
			defaultConfigurationName = Release;
		};
		2F4BBB4720522A3700AAFE1A /* Build configuration list for PBXNativeTarget "Bump" */ = {
			isa = XCConfigurationList;
			buildConfigurations = (
				2F4BBB4820522A3700AAFE1A /* Debug */,
				2F4BBB4920522A3700AAFE1A /* Release */,
			);
			defaultConfigurationIsVisible = 0;
			defaultConfigurationName = Release;
		};
		2F4BBB4A20522A3700AAFE1A /* Build configuration list for PBXNativeTarget "BumpTests" */ = {
			isa = XCConfigurationList;
			buildConfigurations = (
				2F4BBB4B20522A3700AAFE1A /* Debug */,
				2F4BBB4C20522A3700AAFE1A /* Release */,
			);
			defaultConfigurationIsVisible = 0;
			defaultConfigurationName = Release;
		};
		2F4BBB4D20522A3700AAFE1A /* Build configuration list for PBXNativeTarget "BumpUITests" */ = {
			isa = XCConfigurationList;
			buildConfigurations = (
				2F4BBB4E20522A3700AAFE1A /* Debug */,
				2F4BBB4F20522A3700AAFE1A /* Release */,
			);
			defaultConfigurationIsVisible = 0;
			defaultConfigurationName = Release;
		};
/* End XCConfigurationList section */
	};
	rootObject = 2F4BBB1720522A3600AAFE1A /* Project object */;
}
